
Microsoft Visual Studio Solution File, Format Version 12.00
# Visual Studio 2013
VisualStudioVersion = 12.0.0.0
MinimumVisualStudioVersion = 10.0.0.1
Project("{FAE04EC0-301F-11D3-BF4B-00C04F79EFBC}") = "AglTest.Web", "AglTest.Web/AglTest.Web.csproj", "{3141DB39-3B9F-45BE-A6B1-4074139ACDD3}"
EndProject
Project("{2150E333-8FDC-42A3-9474-1A3956D46DE8}") = "Tests", "Tests", "{8B08B640-A714-4E8D-81E6-B6FE7C678E76}"
EndProject
Project("{FAE04EC0-301F-11D3-BF4B-00C04F79EFBC}") = "AglTest.Domain", "AglTest.Domain\AglTest.Domain.csproj", "{83DE378E-77E6-40CB-A55D-60641FDE95A6}"
EndProject
Project("{FAE04EC0-301F-11D3-BF4B-00C04F79EFBC}") = "AglTest.Infrastructure", "AglTest.Infrastructure\AglTest.Infrastructure.csproj", "{60C4CD6E-A9BF-478F-A254-EDB21DF2BCBD}"
EndProject
Project("{FAE04EC0-301F-11D3-BF4B-00C04F79EFBC}") = "AglTest.Domain.Tests", "AglTest.Domain.Tests\AglTest.Domain.Tests.csproj", "{1ACD3DB1-491A-4DD6-B493-C72986AEA5E0}"
EndProject
Project("{FAE04EC0-301F-11D3-BF4B-00C04F79EFBC}") = "AglTest.Infrastructure.Tests", "AglTest.Infrastructure.Tests\AglTest.Infrastructure.Tests.csproj", "{FC4D29C3-958F-46CE-BF42-ED6487E1BF68}"
EndProject
Project("{FAE04EC0-301F-11D3-BF4B-00C04F79EFBC}") = "AglTest.Web.Tests", "AglTest.Web.Tests\AglTest.Web.Tests.csproj", "{80184825-AE96-4D88-8E4F-695D452226A3}"
EndProject
Global
	GlobalSection(SolutionConfigurationPlatforms) = preSolution
		Debug|Any CPU = Debug|Any CPU
		Release|Any CPU = Release|Any CPU
	EndGlobalSection
	GlobalSection(ProjectConfigurationPlatforms) = postSolution
		{3141DB39-3B9F-45BE-A6B1-4074139ACDD3}.Debug|Any CPU.ActiveCfg = Debug|Any CPU
		{3141DB39-3B9F-45BE-A6B1-4074139ACDD3}.Debug|Any CPU.Build.0 = Debug|Any CPU
		{3141DB39-3B9F-45BE-A6B1-4074139ACDD3}.Release|Any CPU.ActiveCfg = Release|Any CPU
		{3141DB39-3B9F-45BE-A6B1-4074139ACDD3}.Release|Any CPU.Build.0 = Release|Any CPU
		{83DE378E-77E6-40CB-A55D-60641FDE95A6}.Debug|Any CPU.ActiveCfg = Debug|Any CPU
		{83DE378E-77E6-40CB-A55D-60641FDE95A6}.Debug|Any CPU.Build.0 = Debug|Any CPU
		{83DE378E-77E6-40CB-A55D-60641FDE95A6}.Release|Any CPU.ActiveCfg = Release|Any CPU
		{83DE378E-77E6-40CB-A55D-60641FDE95A6}.Release|Any CPU.Build.0 = Release|Any CPU
		{60C4CD6E-A9BF-478F-A254-EDB21DF2BCBD}.Debug|Any CPU.ActiveCfg = Debug|Any CPU
		{60C4CD6E-A9BF-478F-A254-EDB21DF2BCBD}.Debug|Any CPU.Build.0 = Debug|Any CPU
		{60C4CD6E-A9BF-478F-A254-EDB21DF2BCBD}.Release|Any CPU.ActiveCfg = Release|Any CPU
		{60C4CD6E-A9BF-478F-A254-EDB21DF2BCBD}.Release|Any CPU.Build.0 = Release|Any CPU
		{1ACD3DB1-491A-4DD6-B493-C72986AEA5E0}.Debug|Any CPU.ActiveCfg = Debug|Any CPU
		{1ACD3DB1-491A-4DD6-B493-C72986AEA5E0}.Debug|Any CPU.Build.0 = Debug|Any CPU
		{1ACD3DB1-491A-4DD6-B493-C72986AEA5E0}.Release|Any CPU.ActiveCfg = Release|Any CPU
		{1ACD3DB1-491A-4DD6-B493-C72986AEA5E0}.Release|Any CPU.Build.0 = Release|Any CPU
		{FC4D29C3-958F-46CE-BF42-ED6487E1BF68}.Debug|Any CPU.ActiveCfg = Debug|Any CPU
		{FC4D29C3-958F-46CE-BF42-ED6487E1BF68}.Debug|Any CPU.Build.0 = Debug|Any CPU
		{FC4D29C3-958F-46CE-BF42-ED6487E1BF68}.Release|Any CPU.ActiveCfg = Release|Any CPU
		{FC4D29C3-958F-46CE-BF42-ED6487E1BF68}.Release|Any CPU.Build.0 = Release|Any CPU
		{80184825-AE96-4D88-8E4F-695D452226A3}.Debug|Any CPU.ActiveCfg = Debug|Any CPU
		{80184825-AE96-4D88-8E4F-695D452226A3}.Debug|Any CPU.Build.0 = Debug|Any CPU
		{80184825-AE96-4D88-8E4F-695D452226A3}.Release|Any CPU.ActiveCfg = Release|Any CPU
		{80184825-AE96-4D88-8E4F-695D452226A3}.Release|Any CPU.Build.0 = Release|Any CPU
	EndGlobalSection
	GlobalSection(SolutionProperties) = preSolution
		HideSolutionNode = FALSE
	EndGlobalSection
	GlobalSection(NestedProjects) = preSolution
		{1ACD3DB1-491A-4DD6-B493-C72986AEA5E0} = {8B08B640-A714-4E8D-81E6-B6FE7C678E76}
		{FC4D29C3-958F-46CE-BF42-ED6487E1BF68} = {8B08B640-A714-4E8D-81E6-B6FE7C678E76}
		{80184825-AE96-4D88-8E4F-695D452226A3} = {8B08B640-A714-4E8D-81E6-B6FE7C678E76}
	EndGlobalSection
EndGlobal
